
Microsoft Visual Studio Solution File, Format Version 12.00
# Visual Studio Version 17
VisualStudioVersion = 17.2.32602.215
MinimumVisualStudioVersion = 10.0.40219.1
Project("{9A19103F-16F7-4668-BE54-9A1E7A4F7556}") = "BusinessCentral_Telegram_Asp.Net", "BusinessCentral_Telegram_Asp.Net\BusinessCentral_Telegram_Asp.Net.csproj", "{45440412-9BB7-4523-9C34-DEDD6C64729A}"
EndProject
Project("{9A19103F-16F7-4668-BE54-9A1E7A4F7556}") = "Share", "..\BlazorTelegramApp\Share\Share.csproj", "{C26D04DF-98F9-489B-A61E-C255E3DAE367}"
EndProject
Global
	GlobalSection(SolutionConfigurationPlatforms) = preSolution
		Debug|Any CPU = Debug|Any CPU
		Release|Any CPU = Release|Any CPU
	EndGlobalSection
	GlobalSection(ProjectConfigurationPlatforms) = postSolution
		{45440412-9BB7-4523-9C34-DEDD6C64729A}.Debug|Any CPU.ActiveCfg = Debug|Any CPU
		{45440412-9BB7-4523-9C34-DEDD6C64729A}.Debug|Any CPU.Build.0 = Debug|Any CPU
		{45440412-9BB7-4523-9C34-DEDD6C64729A}.Release|Any CPU.ActiveCfg = Release|Any CPU
		{45440412-9BB7-4523-9C34-DEDD6C64729A}.Release|Any CPU.Build.0 = Release|Any CPU
		{C26D04DF-98F9-489B-A61E-C255E3DAE367}.Debug|Any CPU.ActiveCfg = Debug|Any CPU
		{C26D04DF-98F9-489B-A61E-C255E3DAE367}.Debug|Any CPU.Build.0 = Debug|Any CPU
		{C26D04DF-98F9-489B-A61E-C255E3DAE367}.Release|Any CPU.ActiveCfg = Release|Any CPU
		{C26D04DF-98F9-489B-A61E-C255E3DAE367}.Release|Any CPU.Build.0 = Release|Any CPU
	EndGlobalSection
	GlobalSection(SolutionProperties) = preSolution
		HideSolutionNode = FALSE
	EndGlobalSection
	GlobalSection(ExtensibilityGlobals) = postSolution
		SolutionGuid = {DF5FE8C5-1E61-4B0C-8DCC-EC6888D2DEDE}
	EndGlobalSection
EndGlobal
